
Microsoft Visual Studio Solution File, Format Version 12.00
# Visual Studio Version 16
VisualStudioVersion = 16.0.30413.136
MinimumVisualStudioVersion = 10.0.40219.1
Project("{FAE04EC0-301F-11D3-BF4B-00C04F79EFBC}") = "CrossandZero.Android", "CrossandZero\CrossandZero.Android\CrossandZero.Android.csproj", "{5998C84A-0E0A-4B14-A2BE-F70A4519027D}"
EndProject
Project("{FAE04EC0-301F-11D3-BF4B-00C04F79EFBC}") = "CrossandZero", "CrossandZero\CrossandZero\CrossandZero.csproj", "{C275B871-0CDC-4ADE-88E3-5DA83D525E18}"
EndProject
Global
	GlobalSection(SolutionConfigurationPlatforms) = preSolution
		Debug|Any CPU = Debug|Any CPU
		Release|Any CPU = Release|Any CPU
	EndGlobalSection
	GlobalSection(ProjectConfigurationPlatforms) = postSolution
		{5998C84A-0E0A-4B14-A2BE-F70A4519027D}.Debug|Any CPU.ActiveCfg = Debug|Any CPU
		{5998C84A-0E0A-4B14-A2BE-F70A4519027D}.Debug|Any CPU.Build.0 = Debug|Any CPU
		{5998C84A-0E0A-4B14-A2BE-F70A4519027D}.Debug|Any CPU.Deploy.0 = Debug|Any CPU
		{5998C84A-0E0A-4B14-A2BE-F70A4519027D}.Release|Any CPU.ActiveCfg = Release|Any CPU
		{5998C84A-0E0A-4B14-A2BE-F70A4519027D}.Release|Any CPU.Build.0 = Release|Any CPU
		{5998C84A-0E0A-4B14-A2BE-F70A4519027D}.Release|Any CPU.Deploy.0 = Release|Any CPU
		{C275B871-0CDC-4ADE-88E3-5DA83D525E18}.Debug|Any CPU.ActiveCfg = Debug|Any CPU
		{C275B871-0CDC-4ADE-88E3-5DA83D525E18}.Debug|Any CPU.Build.0 = Debug|Any CPU
		{C275B871-0CDC-4ADE-88E3-5DA83D525E18}.Debug|Any CPU.Deploy.0 = Debug|Any CPU
		{C275B871-0CDC-4ADE-88E3-5DA83D525E18}.Release|Any CPU.ActiveCfg = Release|Any CPU
		{C275B871-0CDC-4ADE-88E3-5DA83D525E18}.Release|Any CPU.Build.0 = Release|Any CPU
		{C275B871-0CDC-4ADE-88E3-5DA83D525E18}.Release|Any CPU.Deploy.0 = Release|Any CPU
	EndGlobalSection
	GlobalSection(SolutionProperties) = preSolution
		HideSolutionNode = FALSE
	EndGlobalSection
	GlobalSection(ExtensibilityGlobals) = postSolution
		SolutionGuid = {C6920464-9DF2-493C-AF3C-8097869C5458}
	EndGlobalSection
EndGlobal
